
Microsoft Visual Studio Solution File, Format Version 12.00
# Visual Studio Version 16
VisualStudioVersion = 16.0.30907.101
MinimumVisualStudioVersion = 10.0.40219.1
Project("{FAE04EC0-301F-11D3-BF4B-00C04F79EFBC}") = "WindowsFormsApp10", "WindowsFormsApp10\WindowsFormsApp10.csproj", "{8E47D8E1-9710-4CC2-834A-6827A17FD962}"
EndProject
Global
	GlobalSection(SolutionConfigurationPlatforms) = preSolution
		Debug|Any CPU = Debug|Any CPU
		Release|Any CPU = Release|Any CPU
	EndGlobalSection
	GlobalSection(ProjectConfigurationPlatforms) = postSolution
		{8E47D8E1-9710-4CC2-834A-6827A17FD962}.Debug|Any CPU.ActiveCfg = Debug|Any CPU
		{8E47D8E1-9710-4CC2-834A-6827A17FD962}.Debug|Any CPU.Build.0 = Debug|Any CPU
		{8E47D8E1-9710-4CC2-834A-6827A17FD962}.Release|Any CPU.ActiveCfg = Release|Any CPU
		{8E47D8E1-9710-4CC2-834A-6827A17FD962}.Release|Any CPU.Build.0 = Release|Any CPU
	EndGlobalSection
	GlobalSection(SolutionProperties) = preSolution
		HideSolutionNode = FALSE
	EndGlobalSection
	GlobalSection(ExtensibilityGlobals) = postSolution
		SolutionGuid = {51345E19-04C5-4CC0-ADA9-7CF17A5E7953}
	EndGlobalSection
EndGlobal
